
Microsoft Visual Studio Solution File, Format Version 12.00
# Visual Studio Version 16
VisualStudioVersion = 16.0.30309.148
MinimumVisualStudioVersion = 10.0.40219.1
Project("{8BC9CEB8-8B4A-11D0-8D11-00A0C91BC942}") = "AutoMapper", "AutoMapper\AutoMapper.vcxproj", "{CF87323E-1956-4641-BAAA-15DC4E1F411D}"
EndProject
Global
	GlobalSection(SolutionConfigurationPlatforms) = preSolution
		Debug|x64 = Debug|x64
		Debug|x86 = Debug|x86
		Release|x64 = Release|x64
		Release|x86 = Release|x86
	EndGlobalSection
	GlobalSection(ProjectConfigurationPlatforms) = postSolution
		{CF87323E-1956-4641-BAAA-15DC4E1F411D}.Debug|x64.ActiveCfg = Debug|x64
		{CF87323E-1956-4641-BAAA-15DC4E1F411D}.Debug|x64.Build.0 = Debug|x64
		{CF87323E-1956-4641-BAAA-15DC4E1F411D}.Debug|x86.ActiveCfg = Debug|Win32
		{CF87323E-1956-4641-BAAA-15DC4E1F411D}.Debug|x86.Build.0 = Debug|Win32
		{CF87323E-1956-4641-BAAA-15DC4E1F411D}.Release|x64.ActiveCfg = Release|x64
		{CF87323E-1956-4641-BAAA-15DC4E1F411D}.Release|x64.Build.0 = Release|x64
		{CF87323E-1956-4641-BAAA-15DC4E1F411D}.Release|x86.ActiveCfg = Release|Win32
		{CF87323E-1956-4641-BAAA-15DC4E1F411D}.Release|x86.Build.0 = Release|Win32
	EndGlobalSection
	GlobalSection(SolutionProperties) = preSolution
		HideSolutionNode = FALSE
	EndGlobalSection
	GlobalSection(ExtensibilityGlobals) = postSolution
		SolutionGuid = {946804B6-27CC-474E-8BCD-CAF85B33D900}
	EndGlobalSection
EndGlobal
